{
  "name": "token-creator",
  "version": "1.0.0",
  "lockfileVersion": 2,
  "requires": true,
  "packages": {
    "": {
      "name": "token-creator",
      "version": "1.0.0",
      "dependencies": {
        "@coral-xyz/anchor": "^0.28.0",
        "@metaplex-foundation/mpl-token-metadata": "^2.5.2",
        "@solana/spl-token": "^0.3.8",
        "@solana/wallet-adapter-base": "^0.9.23",
        "@solana/wallet-adapter-react": "^0.15.35",
        "@solana/wallet-adapter-react-ui": "^0.9.34",
        "@solana/wallet-adapter-wallets": "^0.19.24",
        "@solana/web3.js": "^1.78.4",
        "next": "13.4.7",
        "react": "18.2.0",
        "react-dom": "18.2.0"
      }
    }
  }
}
